
Microsoft Visual Studio Solution File, Format Version 12.00
# Visual Studio Version 17
VisualStudioVersion = 17.9.34723.18
MinimumVisualStudioVersion = 10.0.40219.1
Project("{9A19103F-16F7-4668-BE54-9A1E7A4F7556}") = "LocMNSApp", "LocMNSApp\LocMNSApp.csproj", "{B0B8D1D6-FA34-4C84-A490-20F336EDC8B1}"
EndProject
Project("{9A19103F-16F7-4668-BE54-9A1E7A4F7556}") = "LocMNSAppUnitTest", "LocMNSAppUnitTest\LocMNSAppUnitTest.csproj", "{00D7C198-B549-4D21-B5D5-B66CB04DA3BC}"
EndProject
Global
	GlobalSection(SolutionConfigurationPlatforms) = preSolution
		Debug|Any CPU = Debug|Any CPU
		Release|Any CPU = Release|Any CPU
	EndGlobalSection
	GlobalSection(ProjectConfigurationPlatforms) = postSolution
		{B0B8D1D6-FA34-4C84-A490-20F336EDC8B1}.Debug|Any CPU.ActiveCfg = Debug|Any CPU
		{B0B8D1D6-FA34-4C84-A490-20F336EDC8B1}.Debug|Any CPU.Build.0 = Debug|Any CPU
		{B0B8D1D6-FA34-4C84-A490-20F336EDC8B1}.Release|Any CPU.ActiveCfg = Release|Any CPU
		{B0B8D1D6-FA34-4C84-A490-20F336EDC8B1}.Release|Any CPU.Build.0 = Release|Any CPU
		{00D7C198-B549-4D21-B5D5-B66CB04DA3BC}.Debug|Any CPU.ActiveCfg = Debug|Any CPU
		{00D7C198-B549-4D21-B5D5-B66CB04DA3BC}.Debug|Any CPU.Build.0 = Debug|Any CPU
		{00D7C198-B549-4D21-B5D5-B66CB04DA3BC}.Release|Any CPU.ActiveCfg = Release|Any CPU
		{00D7C198-B549-4D21-B5D5-B66CB04DA3BC}.Release|Any CPU.Build.0 = Release|Any CPU
	EndGlobalSection
	GlobalSection(SolutionProperties) = preSolution
		HideSolutionNode = FALSE
	EndGlobalSection
	GlobalSection(ExtensibilityGlobals) = postSolution
		SolutionGuid = {F895DC60-8C70-4BE0-9AD4-CB888D7476BD}
	EndGlobalSection
EndGlobal
